
Microsoft Visual Studio Solution File, Format Version 12.00
# Visual Studio Version 17
VisualStudioVersion = 17.8.34525.116
MinimumVisualStudioVersion = 10.0.40219.1
Project("{9A19103F-16F7-4668-BE54-9A1E7A4F7556}") = "PS_Lab1", "PS_Lab1\PS_Lab1.csproj", "{821B3701-C123-4823-B01D-315245B209A2}"
EndProject
Project("{9A19103F-16F7-4668-BE54-9A1E7A4F7556}") = "WelcomeExtended", "WelcomeExtended\WelcomeExtended.csproj", "{F71C4CB9-23C5-46FB-AF00-DF80F1473CBC}"
EndProject
Project("{9A19103F-16F7-4668-BE54-9A1E7A4F7556}") = "DataLayer", "DataLayer\DataLayer.csproj", "{518477D2-72D1-4039-8A32-2A5354FDC8CE}"
EndProject
Project("{FAE04EC0-301F-11D3-BF4B-00C04F79EFBC}") = "UI", "UI\UI.csproj", "{40B90CE6-4704-49C4-B180-023CE6199CBD}"
EndProject
Global
	GlobalSection(SolutionConfigurationPlatforms) = preSolution
		Debug|Any CPU = Debug|Any CPU
		Release|Any CPU = Release|Any CPU
	EndGlobalSection
	GlobalSection(ProjectConfigurationPlatforms) = postSolution
		{821B3701-C123-4823-B01D-315245B209A2}.Debug|Any CPU.ActiveCfg = Debug|Any CPU
		{821B3701-C123-4823-B01D-315245B209A2}.Debug|Any CPU.Build.0 = Debug|Any CPU
		{821B3701-C123-4823-B01D-315245B209A2}.Release|Any CPU.ActiveCfg = Release|Any CPU
		{821B3701-C123-4823-B01D-315245B209A2}.Release|Any CPU.Build.0 = Release|Any CPU
		{F71C4CB9-23C5-46FB-AF00-DF80F1473CBC}.Debug|Any CPU.ActiveCfg = Debug|Any CPU
		{F71C4CB9-23C5-46FB-AF00-DF80F1473CBC}.Debug|Any CPU.Build.0 = Debug|Any CPU
		{F71C4CB9-23C5-46FB-AF00-DF80F1473CBC}.Release|Any CPU.ActiveCfg = Release|Any CPU
		{F71C4CB9-23C5-46FB-AF00-DF80F1473CBC}.Release|Any CPU.Build.0 = Release|Any CPU
		{518477D2-72D1-4039-8A32-2A5354FDC8CE}.Debug|Any CPU.ActiveCfg = Debug|Any CPU
		{518477D2-72D1-4039-8A32-2A5354FDC8CE}.Debug|Any CPU.Build.0 = Debug|Any CPU
		{518477D2-72D1-4039-8A32-2A5354FDC8CE}.Release|Any CPU.ActiveCfg = Release|Any CPU
		{518477D2-72D1-4039-8A32-2A5354FDC8CE}.Release|Any CPU.Build.0 = Release|Any CPU
		{40B90CE6-4704-49C4-B180-023CE6199CBD}.Debug|Any CPU.ActiveCfg = Debug|Any CPU
		{40B90CE6-4704-49C4-B180-023CE6199CBD}.Debug|Any CPU.Build.0 = Debug|Any CPU
		{40B90CE6-4704-49C4-B180-023CE6199CBD}.Release|Any CPU.ActiveCfg = Release|Any CPU
		{40B90CE6-4704-49C4-B180-023CE6199CBD}.Release|Any CPU.Build.0 = Release|Any CPU
	EndGlobalSection
	GlobalSection(SolutionProperties) = preSolution
		HideSolutionNode = FALSE
	EndGlobalSection
	GlobalSection(ExtensibilityGlobals) = postSolution
		SolutionGuid = {BF7F4DB2-A6AD-42F5-A1A4-CD4F3F5CC5AA}
	EndGlobalSection
EndGlobal
